
Microsoft Visual Studio Solution File, Format Version 12.00
# Visual Studio Version 16
VisualStudioVersion = 16.0.30503.244
MinimumVisualStudioVersion = 10.0.40219.1
Project("{9A19103F-16F7-4668-BE54-9A1E7A4F7556}") = "Sem3Task3", "Sem3Task3\Sem3Task3.csproj", "{89AB4539-DC39-46E2-9E54-5A379B89E57C}"
EndProject
Project("{9A19103F-16F7-4668-BE54-9A1E7A4F7556}") = "Sem3Task2", "Sem3Task2\Sem3Task2.csproj", "{BA344872-3926-4345-B411-C4884DE7BCAE}"
EndProject
Project("{9A19103F-16F7-4668-BE54-9A1E7A4F7556}") = "Sem4Task2", "Sem4Task2\Sem4Task2.csproj", "{95C211FA-DD76-4761-84C3-FCD224F5F8A6}"
EndProject
Project("{9A19103F-16F7-4668-BE54-9A1E7A4F7556}") = "Sem4Task3", "Sem4Task3\Sem4Task3.csproj", "{7194B44C-17C1-4402-A5CC-E79148D25549}"
EndProject
Project("{9A19103F-16F7-4668-BE54-9A1E7A4F7556}") = "Sem5Task2", "Sem5Task2\Sem5Task2.csproj", "{4CFE4454-2599-4F5C-B7D0-62F4657CBB42}"
EndProject
Project("{9A19103F-16F7-4668-BE54-9A1E7A4F7556}") = "Sem5Task4", "Sem5Task4\Sem5Task4.csproj", "{D464FB00-64D5-401A-B883-6B9958D5AE28}"
EndProject
Project("{9A19103F-16F7-4668-BE54-9A1E7A4F7556}") = "Sem6Task1", "Sem6Task1\Sem6Task1.csproj", "{C38906B0-EF7B-4AAA-9524-73F80B2E3BBF}"
EndProject
Project("{9A19103F-16F7-4668-BE54-9A1E7A4F7556}") = "Sem7Task2", "Sem7Task2\Sem7Task2.csproj", "{1089CBAF-6837-41B7-B812-ADD1052D842A}"
EndProject
Project("{9A19103F-16F7-4668-BE54-9A1E7A4F7556}") = "Sem7Task3", "Sem7Task3\Sem7Task3.csproj", "{7E4D22F9-1349-4A51-8791-116ECDE0B660}"
EndProject
Project("{FAE04EC0-301F-11D3-BF4B-00C04F79EFBC}") = "Sem8Task3", "Sem8Task3\Sem8Task3.csproj", "{A1BDC174-9FD0-4390-BC6D-4B97FE41FB1E}"
EndProject
Project("{FAE04EC0-301F-11D3-BF4B-00C04F79EFBC}") = "Sem8Task5", "Sem8Task5\Sem8Task5.csproj", "{9CE910ED-1B5F-4150-A743-147F54645A2A}"
EndProject
Global
	GlobalSection(SolutionConfigurationPlatforms) = preSolution
		Debug|Any CPU = Debug|Any CPU
		Release|Any CPU = Release|Any CPU
	EndGlobalSection
	GlobalSection(ProjectConfigurationPlatforms) = postSolution
		{89AB4539-DC39-46E2-9E54-5A379B89E57C}.Debug|Any CPU.ActiveCfg = Debug|Any CPU
		{89AB4539-DC39-46E2-9E54-5A379B89E57C}.Debug|Any CPU.Build.0 = Debug|Any CPU
		{89AB4539-DC39-46E2-9E54-5A379B89E57C}.Release|Any CPU.ActiveCfg = Release|Any CPU
		{89AB4539-DC39-46E2-9E54-5A379B89E57C}.Release|Any CPU.Build.0 = Release|Any CPU
		{BA344872-3926-4345-B411-C4884DE7BCAE}.Debug|Any CPU.ActiveCfg = Debug|Any CPU
		{BA344872-3926-4345-B411-C4884DE7BCAE}.Debug|Any CPU.Build.0 = Debug|Any CPU
		{BA344872-3926-4345-B411-C4884DE7BCAE}.Release|Any CPU.ActiveCfg = Release|Any CPU
		{BA344872-3926-4345-B411-C4884DE7BCAE}.Release|Any CPU.Build.0 = Release|Any CPU
		{95C211FA-DD76-4761-84C3-FCD224F5F8A6}.Debug|Any CPU.ActiveCfg = Debug|Any CPU
		{95C211FA-DD76-4761-84C3-FCD224F5F8A6}.Debug|Any CPU.Build.0 = Debug|Any CPU
		{95C211FA-DD76-4761-84C3-FCD224F5F8A6}.Release|Any CPU.ActiveCfg = Release|Any CPU
		{95C211FA-DD76-4761-84C3-FCD224F5F8A6}.Release|Any CPU.Build.0 = Release|Any CPU
		{7194B44C-17C1-4402-A5CC-E79148D25549}.Debug|Any CPU.ActiveCfg = Debug|Any CPU
		{7194B44C-17C1-4402-A5CC-E79148D25549}.Debug|Any CPU.Build.0 = Debug|Any CPU
		{7194B44C-17C1-4402-A5CC-E79148D25549}.Release|Any CPU.ActiveCfg = Release|Any CPU
		{7194B44C-17C1-4402-A5CC-E79148D25549}.Release|Any CPU.Build.0 = Release|Any CPU
		{4CFE4454-2599-4F5C-B7D0-62F4657CBB42}.Debug|Any CPU.ActiveCfg = Debug|Any CPU
		{4CFE4454-2599-4F5C-B7D0-62F4657CBB42}.Debug|Any CPU.Build.0 = Debug|Any CPU
		{4CFE4454-2599-4F5C-B7D0-62F4657CBB42}.Release|Any CPU.ActiveCfg = Release|Any CPU
		{4CFE4454-2599-4F5C-B7D0-62F4657CBB42}.Release|Any CPU.Build.0 = Release|Any CPU
		{D464FB00-64D5-401A-B883-6B9958D5AE28}.Debug|Any CPU.ActiveCfg = Debug|Any CPU
		{D464FB00-64D5-401A-B883-6B9958D5AE28}.Debug|Any CPU.Build.0 = Debug|Any CPU
		{D464FB00-64D5-401A-B883-6B9958D5AE28}.Release|Any CPU.ActiveCfg = Release|Any CPU
		{D464FB00-64D5-401A-B883-6B9958D5AE28}.Release|Any CPU.Build.0 = Release|Any CPU
		{C38906B0-EF7B-4AAA-9524-73F80B2E3BBF}.Debug|Any CPU.ActiveCfg = Debug|Any CPU
		{C38906B0-EF7B-4AAA-9524-73F80B2E3BBF}.Debug|Any CPU.Build.0 = Debug|Any CPU
		{C38906B0-EF7B-4AAA-9524-73F80B2E3BBF}.Release|Any CPU.ActiveCfg = Release|Any CPU
		{C38906B0-EF7B-4AAA-9524-73F80B2E3BBF}.Release|Any CPU.Build.0 = Release|Any CPU
		{1089CBAF-6837-41B7-B812-ADD1052D842A}.Debug|Any CPU.ActiveCfg = Debug|Any CPU
		{1089CBAF-6837-41B7-B812-ADD1052D842A}.Debug|Any CPU.Build.0 = Debug|Any CPU
		{1089CBAF-6837-41B7-B812-ADD1052D842A}.Release|Any CPU.ActiveCfg = Release|Any CPU
		{1089CBAF-6837-41B7-B812-ADD1052D842A}.Release|Any CPU.Build.0 = Release|Any CPU
		{7E4D22F9-1349-4A51-8791-116ECDE0B660}.Debug|Any CPU.ActiveCfg = Debug|Any CPU
		{7E4D22F9-1349-4A51-8791-116ECDE0B660}.Debug|Any CPU.Build.0 = Debug|Any CPU
		{7E4D22F9-1349-4A51-8791-116ECDE0B660}.Release|Any CPU.ActiveCfg = Release|Any CPU
		{7E4D22F9-1349-4A51-8791-116ECDE0B660}.Release|Any CPU.Build.0 = Release|Any CPU
		{A1BDC174-9FD0-4390-BC6D-4B97FE41FB1E}.Debug|Any CPU.ActiveCfg = Debug|Any CPU
		{A1BDC174-9FD0-4390-BC6D-4B97FE41FB1E}.Debug|Any CPU.Build.0 = Debug|Any CPU
		{A1BDC174-9FD0-4390-BC6D-4B97FE41FB1E}.Release|Any CPU.ActiveCfg = Release|Any CPU
		{A1BDC174-9FD0-4390-BC6D-4B97FE41FB1E}.Release|Any CPU.Build.0 = Release|Any CPU
		{9CE910ED-1B5F-4150-A743-147F54645A2A}.Debug|Any CPU.ActiveCfg = Debug|Any CPU
		{9CE910ED-1B5F-4150-A743-147F54645A2A}.Debug|Any CPU.Build.0 = Debug|Any CPU
		{9CE910ED-1B5F-4150-A743-147F54645A2A}.Release|Any CPU.ActiveCfg = Release|Any CPU
		{9CE910ED-1B5F-4150-A743-147F54645A2A}.Release|Any CPU.Build.0 = Release|Any CPU
	EndGlobalSection
	GlobalSection(SolutionProperties) = preSolution
		HideSolutionNode = FALSE
	EndGlobalSection
	GlobalSection(ExtensibilityGlobals) = postSolution
		SolutionGuid = {7F4E52C1-EAC2-4E38-9AF3-4D651BB556A8}
	EndGlobalSection
EndGlobal
