
Microsoft Visual Studio Solution File, Format Version 12.00
# Visual Studio Version 16
VisualStudioVersion = 16.0.30503.244
MinimumVisualStudioVersion = 10.0.40219.1
Project("{9A19103F-16F7-4668-BE54-9A1E7A4F7556}") = "Figures", "Figures\Figures.csproj", "{2C705F2C-A233-4C7F-A5D8-55306422A3B9}"
EndProject
Project("{9A19103F-16F7-4668-BE54-9A1E7A4F7556}") = "Sem11Task2", "Sem11Task2\Sem11Task2.csproj", "{EFD8D01A-E867-45EB-A0AC-483DD6BF71DD}"
EndProject
Project("{FAE04EC0-301F-11D3-BF4B-00C04F79EFBC}") = "WF_Sem_Task_1", "WF_Sem_Task_1\WF_Sem_Task_1.csproj", "{7A096F84-231B-42C7-9CAB-3EB7197A0A79}"
EndProject
Project("{FAE04EC0-301F-11D3-BF4B-00C04F79EFBC}") = "WF_Sem_Task_2", "WF_Sem_Task_2\WF_Sem_Task_2.csproj", "{74D77B5A-23AF-406C-8F16-0794D0D45A50}"
EndProject
Project("{FAE04EC0-301F-11D3-BF4B-00C04F79EFBC}") = "WF_Sem_Task_3", "WF_Sem_Task_3\WF_Sem_Task_3.csproj", "{7B608876-8956-43BA-943B-D0DEBB4221F0}"
EndProject
Global
	GlobalSection(SolutionConfigurationPlatforms) = preSolution
		Debug|Any CPU = Debug|Any CPU
		Release|Any CPU = Release|Any CPU
	EndGlobalSection
	GlobalSection(ProjectConfigurationPlatforms) = postSolution
		{2C705F2C-A233-4C7F-A5D8-55306422A3B9}.Debug|Any CPU.ActiveCfg = Debug|Any CPU
		{2C705F2C-A233-4C7F-A5D8-55306422A3B9}.Debug|Any CPU.Build.0 = Debug|Any CPU
		{2C705F2C-A233-4C7F-A5D8-55306422A3B9}.Release|Any CPU.ActiveCfg = Release|Any CPU
		{2C705F2C-A233-4C7F-A5D8-55306422A3B9}.Release|Any CPU.Build.0 = Release|Any CPU
		{EFD8D01A-E867-45EB-A0AC-483DD6BF71DD}.Debug|Any CPU.ActiveCfg = Debug|Any CPU
		{EFD8D01A-E867-45EB-A0AC-483DD6BF71DD}.Debug|Any CPU.Build.0 = Debug|Any CPU
		{EFD8D01A-E867-45EB-A0AC-483DD6BF71DD}.Release|Any CPU.ActiveCfg = Release|Any CPU
		{EFD8D01A-E867-45EB-A0AC-483DD6BF71DD}.Release|Any CPU.Build.0 = Release|Any CPU
		{7A096F84-231B-42C7-9CAB-3EB7197A0A79}.Debug|Any CPU.ActiveCfg = Debug|Any CPU
		{7A096F84-231B-42C7-9CAB-3EB7197A0A79}.Debug|Any CPU.Build.0 = Debug|Any CPU
		{7A096F84-231B-42C7-9CAB-3EB7197A0A79}.Release|Any CPU.ActiveCfg = Release|Any CPU
		{7A096F84-231B-42C7-9CAB-3EB7197A0A79}.Release|Any CPU.Build.0 = Release|Any CPU
		{74D77B5A-23AF-406C-8F16-0794D0D45A50}.Debug|Any CPU.ActiveCfg = Debug|Any CPU
		{74D77B5A-23AF-406C-8F16-0794D0D45A50}.Debug|Any CPU.Build.0 = Debug|Any CPU
		{74D77B5A-23AF-406C-8F16-0794D0D45A50}.Release|Any CPU.ActiveCfg = Release|Any CPU
		{74D77B5A-23AF-406C-8F16-0794D0D45A50}.Release|Any CPU.Build.0 = Release|Any CPU
		{7B608876-8956-43BA-943B-D0DEBB4221F0}.Debug|Any CPU.ActiveCfg = Debug|Any CPU
		{7B608876-8956-43BA-943B-D0DEBB4221F0}.Debug|Any CPU.Build.0 = Debug|Any CPU
		{7B608876-8956-43BA-943B-D0DEBB4221F0}.Release|Any CPU.ActiveCfg = Release|Any CPU
		{7B608876-8956-43BA-943B-D0DEBB4221F0}.Release|Any CPU.Build.0 = Release|Any CPU
	EndGlobalSection
	GlobalSection(SolutionProperties) = preSolution
		HideSolutionNode = FALSE
	EndGlobalSection
	GlobalSection(ExtensibilityGlobals) = postSolution
		SolutionGuid = {7F4E52C1-EAC2-4E38-9AF3-4D651BB556A8}
	EndGlobalSection
EndGlobal
